dependencies:
- name: dex
  repository: https://charts.dexidp.io
  version: 0.16.0
- name: oauth2-proxy
  repository: https://oauth2-proxy.github.io/manifests
  version: 7.5.4
- name: httpbin
  repository: https://conservis.github.io/helm-charts
  version: 1.1.0
- name: hello-world
  repository: https://conservis.github.io/helm-charts
  version: 1.1.0
digest: sha256:cefe6dcdf5b4aa635f83cbc7e04906a2f162960bbdb32945290beecf951b73b5
generated: "2024-05-10T10:28:58.357541359Z"
